
Microsoft Visual Studio Solution File, Format Version 12.00
# Visual Studio Version 17
VisualStudioVersion = 17.3.32819.101
MinimumVisualStudioVersion = 10.0.40219.1
Project("{9A19103F-16F7-4668-BE54-9A1E7A4F7556}") = "Manager.API", "Manager.API\Manager.API.csproj", "{7AC79564-ACF0-4B32-8E79-B8BDAE75ADBB}"
EndProject
Project("{9A19103F-16F7-4668-BE54-9A1E7A4F7556}") = "Manager.Infra", "Manager.Infra\Manager.Infra.csproj", "{BF12B5BC-ACCE-4562-84AA-A8CF9ECE990C}"
EndProject
Project("{9A19103F-16F7-4668-BE54-9A1E7A4F7556}") = "Manager.Application", "Manager.Application\Manager.Application.csproj", "{F005C44C-54A0-4923-A26D-13A13E343DA6}"
EndProject
Project("{9A19103F-16F7-4668-BE54-9A1E7A4F7556}") = "Manager.Core", "Manager.Core\Manager.Core.csproj", "{017E750E-530C-40B6-B4E9-012091D6A143}"
EndProject
Project("{FAE04EC0-301F-11D3-BF4B-00C04F79EFBC}") = "Manager.UnitTest", "Manager.UnitTest\Manager.UnitTest.csproj", "{716F30D5-E487-4A41-82E1-60FDDD96AD2F}"
EndProject
Global
	GlobalSection(SolutionConfigurationPlatforms) = preSolution
		Debug|Any CPU = Debug|Any CPU
		Release|Any CPU = Release|Any CPU
	EndGlobalSection
	GlobalSection(ProjectConfigurationPlatforms) = postSolution
		{7AC79564-ACF0-4B32-8E79-B8BDAE75ADBB}.Debug|Any CPU.ActiveCfg = Debug|Any CPU
		{7AC79564-ACF0-4B32-8E79-B8BDAE75ADBB}.Debug|Any CPU.Build.0 = Debug|Any CPU
		{7AC79564-ACF0-4B32-8E79-B8BDAE75ADBB}.Release|Any CPU.ActiveCfg = Release|Any CPU
		{7AC79564-ACF0-4B32-8E79-B8BDAE75ADBB}.Release|Any CPU.Build.0 = Release|Any CPU
		{BF12B5BC-ACCE-4562-84AA-A8CF9ECE990C}.Debug|Any CPU.ActiveCfg = Debug|Any CPU
		{BF12B5BC-ACCE-4562-84AA-A8CF9ECE990C}.Debug|Any CPU.Build.0 = Debug|Any CPU
		{BF12B5BC-ACCE-4562-84AA-A8CF9ECE990C}.Release|Any CPU.ActiveCfg = Release|Any CPU
		{BF12B5BC-ACCE-4562-84AA-A8CF9ECE990C}.Release|Any CPU.Build.0 = Release|Any CPU
		{F005C44C-54A0-4923-A26D-13A13E343DA6}.Debug|Any CPU.ActiveCfg = Debug|Any CPU
		{F005C44C-54A0-4923-A26D-13A13E343DA6}.Debug|Any CPU.Build.0 = Debug|Any CPU
		{F005C44C-54A0-4923-A26D-13A13E343DA6}.Release|Any CPU.ActiveCfg = Release|Any CPU
		{F005C44C-54A0-4923-A26D-13A13E343DA6}.Release|Any CPU.Build.0 = Release|Any CPU
		{017E750E-530C-40B6-B4E9-012091D6A143}.Debug|Any CPU.ActiveCfg = Debug|Any CPU
		{017E750E-530C-40B6-B4E9-012091D6A143}.Debug|Any CPU.Build.0 = Debug|Any CPU
		{017E750E-530C-40B6-B4E9-012091D6A143}.Release|Any CPU.ActiveCfg = Release|Any CPU
		{017E750E-530C-40B6-B4E9-012091D6A143}.Release|Any CPU.Build.0 = Release|Any CPU
		{716F30D5-E487-4A41-82E1-60FDDD96AD2F}.Debug|Any CPU.ActiveCfg = Debug|Any CPU
		{716F30D5-E487-4A41-82E1-60FDDD96AD2F}.Debug|Any CPU.Build.0 = Debug|Any CPU
		{716F30D5-E487-4A41-82E1-60FDDD96AD2F}.Release|Any CPU.ActiveCfg = Release|Any CPU
		{716F30D5-E487-4A41-82E1-60FDDD96AD2F}.Release|Any CPU.Build.0 = Release|Any CPU
	EndGlobalSection
	GlobalSection(SolutionProperties) = preSolution
		HideSolutionNode = FALSE
	EndGlobalSection
	GlobalSection(ExtensibilityGlobals) = postSolution
		SolutionGuid = {815434D6-8105-49CE-9A77-FF5FB1ADBC2F}
	EndGlobalSection
EndGlobal
